// !$*UTF8*$!
{
	archiveVersion = 1;
	classes = {
	};
	objectVersion = 77;
	objects = {

/* Begin PBXBuildFile section */
		D520EE232F2E244200D48F41 /* Sparkle in Frameworks */ = {isa = PBXBuildFile; productRef = D520EE222F2E244200D48F41 /* Sparkle */; };
		D556B3D72EF7517B006B6FED /* HotKey in Frameworks */ = {isa = PBXBuildFile; productRef = D556B3D62EF7517B006B6FED /* HotKey */; };
		D556B8E42F031C67006B6FED /* Icon.icon in Resources */ = {isa = PBXBuildFile; fileRef = D556B8E32F031C67006B6FED /* Icon.icon */; };
/* End PBXBuildFile section */

/* Begin PBXContainerItemProxy section */
		D5D0FC072EF738E100972D25 /* PBXContainerItemProxy */ = {
			isa = PBXContainerItemProxy;
			containerPortal = D5D0FBF12EF738E000972D25 /* Project object */;
			proxyType = 1;
			remoteGlobalIDString = D5D0FBF82EF738E000972D25;
			remoteInfo = VoiceClaudePoC;
		};
		D5D0FC112EF738E100972D25 /* PBXContainerItemProxy */ = {
			isa = PBXContainerItemProxy;
			containerPortal = D5D0FBF12EF738E000972D25 /* Project object */;
			proxyType = 1;
			remoteGlobalIDString = D5D0FBF82EF738E000972D25;
			remoteInfo = VoiceClaudePoC;
		};
/* End PBXContainerItemProxy section */

/* Begin PBXFileReference section */
		D556B8E32F031C67006B6FED /* Icon.icon */ = {isa = PBXFileReference; lastKnownFileType = folder.iconcomposer.icon; path = Icon.icon; sourceTree = "<group>"; };
		D5D0FBF92EF738E000972D25 /* CCTalk.app */ = {isa = PBXFileReference; explicitFileType = wrapper.application; includeInIndex = 0; path = CCTalk.app; sourceTree = BUILT_PRODUCTS_DIR; };
		D5D0FC062EF738E100972D25 /* VoiceClaudePoCTests.xctest */ = {isa = PBXFileReference; explicitFileType = wrapper.cfbundle; includeInIndex = 0; path = VoiceClaudePoCTests.xctest; sourceTree = BUILT_PRODUCTS_DIR; };
		D5D0FC102EF738E100972D25 /* VoiceClaudePoCUITests.xctest */ = {isa = PBXFileReference; explicitFileType = wrapper.cfbundle; includeInIndex = 0; path = VoiceClaudePoCUITests.xctest; sourceTree = BUILT_PRODUCTS_DIR; };
/* End PBXFileReference section */

/* Begin PBXFileSystemSynchronizedRootGroup section */
		D5D0FBFB2EF738E000972D25 /* VoiceClaudePoC */ = {
			isa = PBXFileSystemSynchronizedRootGroup;
			path = VoiceClaudePoC;
			sourceTree = "<group>";
		};
		D5D0FC092EF738E100972D25 /* VoiceClaudePoCTests */ = {
			isa = PBXFileSystemSynchronizedRootGroup;
			path = VoiceClaudePoCTests;
			sourceTree = "<group>";
		};
		D5D0FC132EF738E100972D25 /* VoiceClaudePoCUITests */ = {
			isa = PBXFileSystemSynchronizedRootGroup;
			path = VoiceClaudePoCUITests;
			sourceTree = "<group>";
		};
/* End PBXFileSystemSynchronizedRootGroup section */

/* Begin PBXFrameworksBuildPhase section */
		D5D0FBF62EF738E000972D25 /* Frameworks */ = {
			isa = PBXFrameworksBuildPhase;
			buildActionMask = 2147483647;
			files = (
				D556B3D72EF7517B006B6FED /* HotKey in Frameworks */,
				D520EE232F2E244200D48F41 /* Sparkle in Frameworks */,
			);
			runOnlyForDeploymentPostprocessing = 0;
		};
		D5D0FC032EF738E100972D25 /* Frameworks */ = {
			isa = PBXFrameworksBuildPhase;
			buildActionMask = 2147483647;
			files = (
			);
			runOnlyForDeploymentPostprocessing = 0;
		};
		D5D0FC0D2EF738E100972D25 /* Frameworks */ = {
			isa = PBXFrameworksBuildPhase;
			buildActionMask = 2147483647;
			files = (
			);
			runOnlyForDeploymentPostprocessing = 0;
		};
/* End PBXFrameworksBuildPhase section */

/* Begin PBXGroup section */
		D556B3D32EF75167006B6FED /* Frameworks */ = {
			isa = PBXGroup;
			children = (
			);
			name = Frameworks;
			sourceTree = "<group>";
		};
		D5D0FBF02EF738E000972D25 = {
			isa = PBXGroup;
			children = (
				D5D0FBFB2EF738E000972D25 /* VoiceClaudePoC */,
				D5D0FC092EF738E100972D25 /* VoiceClaudePoCTests */,
				D5D0FC132EF738E100972D25 /* VoiceClaudePoCUITests */,
				D556B3D32EF75167006B6FED /* Frameworks */,
				D5D0FBFA2EF738E000972D25 /* Products */,
				D556B8E32F031C67006B6FED /* Icon.icon */,
			);
			sourceTree = "<group>";
		};
		D5D0FBFA2EF738E000972D25 /* Products */ = {
			isa = PBXGroup;
			children = (
				D5D0FBF92EF738E000972D25 /* CCTalk.app */,
				D5D0FC062EF738E100972D25 /* VoiceClaudePoCTests.xctest */,
				D5D0FC102EF738E100972D25 /* VoiceClaudePoCUITests.xctest */,
			);
			name = Products;
			sourceTree = "<group>";
		};
/* End PBXGroup section */

/* Begin PBXNativeTarget section */
		D5D0FBF82EF738E000972D25 /* VoiceClaudePoC */ = {
			isa = PBXNativeTarget;
			buildConfigurationList = D5D0FC1A2EF738E100972D25 /* Build configuration list for PBXNativeTarget "VoiceClaudePoC" */;
			buildPhases = (
				D5D0FBF52EF738E000972D25 /* Sources */,
				D5D0FBF62EF738E000972D25 /* Frameworks */,
				D5D0FBF72EF738E000972D25 /* Resources */,
			);
			buildRules = (
			);
			dependencies = (
			);
			fileSystemSynchronizedGroups = (
				D5D0FBFB2EF738E000972D25 /* VoiceClaudePoC */,
			);
			name = VoiceClaudePoC;
			packageProductDependencies = (
				D556B3D62EF7517B006B6FED /* HotKey */,
				D520EE222F2E244200D48F41 /* Sparkle */,
			);
			productName = VoiceClaudePoC;
			productReference = D5D0FBF92EF738E000972D25 /* CCTalk.app */;
			productType = "com.apple.product-type.application";
		};
		D5D0FC052EF738E100972D25 /* VoiceClaudePoCTests */ = {
			isa = PBXNativeTarget;
			buildConfigurationList = D5D0FC1D2EF738E100972D25 /* Build configuration list for PBXNativeTarget "VoiceClaudePoCTests" */;
			buildPhases = (
				D5D0FC022EF738E100972D25 /* Sources */,
				D5D0FC032EF738E100972D25 /* Frameworks */,
				D5D0FC042EF738E100972D25 /* Resources */,
			);
			buildRules = (
			);
			dependencies = (
				D5D0FC082EF738E100972D25 /* PBXTargetDependency */,
			);
			fileSystemSynchronizedGroups = (
				D5D0FC092EF738E100972D25 /* VoiceClaudePoCTests */,
			);
			name = VoiceClaudePoCTests;
			packageProductDependencies = (
			);
			productName = VoiceClaudePoCTests;
			productReference = D5D0FC062EF738E100972D25 /* VoiceClaudePoCTests.xctest */;
			productType = "com.apple.product-type.bundle.unit-test";
		};
		D5D0FC0F2EF738E100972D25 /* VoiceClaudePoCUITests */ = {
			isa = PBXNativeTarget;
			buildConfigurationList = D5D0FC202EF738E100972D25 /* Build configuration list for PBXNativeTarget "VoiceClaudePoCUITests" */;
			buildPhases = (
				D5D0FC0C2EF738E100972D25 /* Sources */,
				D5D0FC0D2EF738E100972D25 /* Frameworks */,
				D5D0FC0E2EF738E100972D25 /* Resources */,
			);
			buildRules = (
			);
			dependencies = (
				D5D0FC122EF738E100972D25 /* PBXTargetDependency */,
			);
			fileSystemSynchronizedGroups = (
				D5D0FC132EF738E100972D25 /* VoiceClaudePoCUITests */,
			);
			name = VoiceClaudePoCUITests;
			packageProductDependencies = (
			);
			productName = VoiceClaudePoCUITests;
			productReference = D5D0FC102EF738E100972D25 /* VoiceClaudePoCUITests.xctest */;
			productType = "com.apple.product-type.bundle.ui-testing";
		};
/* End PBXNativeTarget section */

/* Begin PBXProject section */
		D5D0FBF12EF738E000972D25 /* Project object */ = {
			isa = PBXProject;
			attributes = {
				BuildIndependentTargetsInParallel = 1;
				LastSwiftUpdateCheck = 2600;
				LastUpgradeCheck = 2600;
				TargetAttributes = {
					D5D0FBF82EF738E000972D25 = {
						CreatedOnToolsVersion = 26.0;
					};
					D5D0FC052EF738E100972D25 = {
						CreatedOnToolsVersion = 26.0;
						TestTargetID = D5D0FBF82EF738E000972D25;
					};
					D5D0FC0F2EF738E100972D25 = {
						CreatedOnToolsVersion = 26.0;
						TestTargetID = D5D0FBF82EF738E000972D25;
					};
				};
			};
			buildConfigurationList = D5D0FBF42EF738E000972D25 /* Build configuration list for PBXProject "VoiceClaudePoC" */;
			developmentRegion = en;
			hasScannedForEncodings = 0;
			knownRegions = (
				en,
				Base,
			);
			mainGroup = D5D0FBF02EF738E000972D25;
			minimizedProjectReferenceProxies = 1;
			packageReferences = (
				D556B3CE2EF74F8C006B6FED /* XCRemoteSwiftPackageReference "HotKey" */,
				D520EE212F2E244200D48F41 /* XCRemoteSwiftPackageReference "Sparkle" */,
			);
			preferredProjectObjectVersion = 77;
			productRefGroup = D5D0FBFA2EF738E000972D25 /* Products */;
			projectDirPath = "";
			projectRoot = "";
			targets = (
				D5D0FBF82EF738E000972D25 /* VoiceClaudePoC */,
				D5D0FC052EF738E100972D25 /* VoiceClaudePoCTests */,
				D5D0FC0F2EF738E100972D25 /* VoiceClaudePoCUITests */,
			);
		};
/* End PBXProject section */

/* Begin PBXResourcesBuildPhase section */
		D5D0FBF72EF738E000972D25 /* Resources */ = {
			isa = PBXResourcesBuildPhase;
			buildActionMask = 2147483647;
			files = (
				D556B8E42F031C67006B6FED /* Icon.icon in Resources */,
			);
			runOnlyForDeploymentPostprocessing = 0;
		};
		D5D0FC042EF738E100972D25 /* Resources */ = {
			isa = PBXResourcesBuildPhase;
			buildActionMask = 2147483647;
			files = (
			);
			runOnlyForDeploymentPostprocessing = 0;
		};
		D5D0FC0E2EF738E100972D25 /* Resources */ = {
			isa = PBXResourcesBuildPhase;
			buildActionMask = 2147483647;
			files = (
			);
			runOnlyForDeploymentPostprocessing = 0;
		};
/* End PBXResourcesBuildPhase section */

/* Begin PBXSourcesBuildPhase section */
		D5D0FBF52EF738E000972D25 /* Sources */ = {
			isa = PBXSourcesBuildPhase;
			buildActionMask = 2147483647;
			files = (
			);
			runOnlyForDeploymentPostprocessing = 0;
		};
		D5D0FC022EF738E100972D25 /* Sources */ = {
			isa = PBXSourcesBuildPhase;
			buildActionMask = 2147483647;
			files = (
			);
			runOnlyForDeploymentPostprocessing = 0;
		};
		D5D0FC0C2EF738E100972D25 /* Sources */ = {
			isa = PBXSourcesBuildPhase;
			buildActionMask = 2147483647;
			files = (
			);
			runOnlyForDeploymentPostprocessing = 0;
		};
/* End PBXSourcesBuildPhase section */

/* Begin PBXTargetDependency section */
		D5D0FC082EF738E100972D25 /* PBXTargetDependency */ = {
			isa = PBXTargetDependency;
			target = D5D0FBF82EF738E000972D25 /* VoiceClaudePoC */;
			targetProxy = D5D0FC072EF738E100972D25 /* PBXContainerItemProxy */;
		};
		D5D0FC122EF738E100972D25 /* PBXTargetDependency */ = {
			isa = PBXTargetDependency;
			target = D5D0FBF82EF738E000972D25 /* VoiceClaudePoC */;
			targetProxy = D5D0FC112EF738E100972D25 /* PBXContainerItemProxy */;
		};
/* End PBXTargetDependency section */

/* Begin XCBuildConfiguration section */
		D5D0FC182EF738E100972D25 /* Debug */ = {
			isa = XCBuildConfiguration;
			buildSettings = {
				ALWAYS_SEARCH_USER_PATHS = NO;
				ASSETCATALOG_COMPILER_GENERATE_SWIFT_ASSET_SYMBOL_EXTENSIONS = YES;
				CLANG_ANALYZER_NONNULL = YES;
				CLANG_ANALYZER_NUMBER_OBJECT_CONVERSION = YES_AGGRESSIVE;
				CLANG_CXX_LANGUAGE_STANDARD = "gnu++20";
				CLANG_ENABLE_MODULES = YES;
				CLANG_ENABLE_OBJC_ARC = YES;
				CLANG_ENABLE_OBJC_WEAK = YES;
				CLANG_WARN_BLOCK_CAPTURE_AUTORELEASING = YES;
				CLANG_WARN_BOOL_CONVERSION = YES;
				CLANG_WARN_COMMA = YES;
				CLANG_WARN_CONSTANT_CONVERSION = YES;
				CLANG_WARN_DEPRECATED_OBJC_IMPLEMENTATIONS = YES;
				CLANG_WARN_DIRECT_OBJC_ISA_USAGE = YES_ERROR;
				CLANG_WARN_DOCUMENTATION_COMMENTS = YES;
				CLANG_WARN_EMPTY_BODY = YES;
				CLANG_WARN_ENUM_CONVERSION = YES;
				CLANG_WARN_INFINITE_RECURSION = YES;
				CLANG_WARN_INT_CONVERSION = YES;
				CLANG_WARN_NON_LITERAL_NULL_CONVERSION = YES;
				CLANG_WARN_OBJC_IMPLICIT_RETAIN_SELF = YES;
				CLANG_WARN_OBJC_LITERAL_CONVERSION = YES;
				CLANG_WARN_OBJC_ROOT_CLASS = YES_ERROR;
				CLANG_WARN_QUOTED_INCLUDE_IN_FRAMEWORK_HEADER = YES;
				CLANG_WARN_RANGE_LOOP_ANALYSIS = YES;
				CLANG_WARN_STRICT_PROTOTYPES = YES;
				CLANG_WARN_SUSPICIOUS_MOVE = YES;
				CLANG_WARN_UNGUARDED_AVAILABILITY = YES_AGGRESSIVE;
				CLANG_WARN_UNREACHABLE_CODE = YES;
				CLANG_WARN__DUPLICATE_METHOD_MATCH = YES;
				COPY_PHASE_STRIP = NO;
				DEBUG_INFORMATION_FORMAT = dwarf;
				DEVELOPMENT_TEAM = L4X8Z6QTZR;
				ENABLE_STRICT_OBJC_MSGSEND = YES;
				ENABLE_TESTABILITY = YES;
				ENABLE_USER_SCRIPT_SANDBOXING = YES;
				GCC_C_LANGUAGE_STANDARD = gnu17;
				GCC_DYNAMIC_NO_PIC = NO;
				GCC_NO_COMMON_BLOCKS = YES;
				GCC_OPTIMIZATION_LEVEL = 0;
				GCC_PREPROCESSOR_DEFINITIONS = (
					"DEBUG=1",
					"$(inherited)",
				);
				GCC_WARN_64_TO_32_BIT_CONVERSION = YES;
				GCC_WARN_ABOUT_RETURN_TYPE = YES_ERROR;
				GCC_WARN_UNDECLARED_SELECTOR = YES;
				GCC_WARN_UNINITIALIZED_AUTOS = YES_AGGRESSIVE;
				GCC_WARN_UNUSED_FUNCTION = YES;
				GCC_WARN_UNUSED_VARIABLE = YES;
				LOCALIZATION_PREFERS_STRING_CATALOGS = YES;
				MACOSX_DEPLOYMENT_TARGET = 26.0;
				MTL_ENABLE_DEBUG_INFO = INCLUDE_SOURCE;
				MTL_FAST_MATH = YES;
				ONLY_ACTIVE_ARCH = YES;
				SDKROOT = macosx;
				SWIFT_ACTIVE_COMPILATION_CONDITIONS = "DEBUG $(inherited)";
				SWIFT_OPTIMIZATION_LEVEL = "-Onone";
			};
			name = Debug;
		};
		D5D0FC192EF738E100972D25 /* Release */ = {
			isa = XCBuildConfiguration;
			buildSettings = {
				ALWAYS_SEARCH_USER_PATHS = NO;
				ASSETCATALOG_COMPILER_GENERATE_SWIFT_ASSET_SYMBOL_EXTENSIONS = YES;
				CLANG_ANALYZER_NONNULL = YES;
				CLANG_ANALYZER_NUMBER_OBJECT_CONVERSION = YES_AGGRESSIVE;
				CLANG_CXX_LANGUAGE_STANDARD = "gnu++20";
				CLANG_ENABLE_MODULES = YES;
				CLANG_ENABLE_OBJC_ARC = YES;
				CLANG_ENABLE_OBJC_WEAK = YES;
				CLANG_WARN_BLOCK_CAPTURE_AUTORELEASING = YES;
				CLANG_WARN_BOOL_CONVERSION = YES;
				CLANG_WARN_COMMA = YES;
				CLANG_WARN_CONSTANT_CONVERSION = YES;
				CLANG_WARN_DEPRECATED_OBJC_IMPLEMENTATIONS = YES;
				CLANG_WARN_DIRECT_OBJC_ISA_USAGE = YES_ERROR;
				CLANG_WARN_DOCUMENTATION_COMMENTS = YES;
				CLANG_WARN_EMPTY_BODY = YES;
				CLANG_WARN_ENUM_CONVERSION = YES;
				CLANG_WARN_INFINITE_RECURSION = YES;
				CLANG_WARN_INT_CONVERSION = YES;
				CLANG_WARN_NON_LITERAL_NULL_CONVERSION = YES;
				CLANG_WARN_OBJC_IMPLICIT_RETAIN_SELF = YES;
				CLANG_WARN_OBJC_LITERAL_CONVERSION = YES;
				CLANG_WARN_OBJC_ROOT_CLASS = YES_ERROR;
				CLANG_WARN_QUOTED_INCLUDE_IN_FRAMEWORK_HEADER = YES;
				CLANG_WARN_RANGE_LOOP_ANALYSIS = YES;
				CLANG_WARN_STRICT_PROTOTYPES = YES;
				CLANG_WARN_SUSPICIOUS_MOVE = YES;
				CLANG_WARN_UNGUARDED_AVAILABILITY = YES_AGGRESSIVE;
				CLANG_WARN_UNREACHABLE_CODE = YES;
				CLANG_WARN__DUPLICATE_METHOD_MATCH = YES;
				COPY_PHASE_STRIP = NO;
				DEBUG_INFORMATION_FORMAT = "dwarf-with-dsym";
				DEVELOPMENT_TEAM = L4X8Z6QTZR;
				ENABLE_NS_ASSERTIONS = NO;
				ENABLE_STRICT_OBJC_MSGSEND = YES;
				ENABLE_USER_SCRIPT_SANDBOXING = YES;
				GCC_C_LANGUAGE_STANDARD = gnu17;
				GCC_NO_COMMON_BLOCKS = YES;
				GCC_WARN_64_TO_32_BIT_CONVERSION = YES;
				GCC_WARN_ABOUT_RETURN_TYPE = YES_ERROR;
				GCC_WARN_UNDECLARED_SELECTOR = YES;
				GCC_WARN_UNINITIALIZED_AUTOS = YES_AGGRESSIVE;
				GCC_WARN_UNUSED_FUNCTION = YES;
				GCC_WARN_UNUSED_VARIABLE = YES;
				LOCALIZATION_PREFERS_STRING_CATALOGS = YES;
				MACOSX_DEPLOYMENT_TARGET = 26.0;
				MTL_ENABLE_DEBUG_INFO = NO;
				MTL_FAST_MATH = YES;
				SDKROOT = macosx;
				SWIFT_COMPILATION_MODE = wholemodule;
			};
			name = Release;
		};
		D5D0FC1B2EF738E100972D25 /* Debug */ = {
			isa = XCBuildConfiguration;
			buildSettings = {
				ASSETCATALOG_COMPILER_APPICON_NAME = Icon;
				ASSETCATALOG_COMPILER_GLOBAL_ACCENT_COLOR_NAME = AccentColor;
				ASSETCATALOG_COMPILER_INCLUDE_ALL_APPICON_ASSETS = NO;
				CODE_SIGN_ENTITLEMENTS = VoiceClaudePoC/VoiceClaudePoC.entitlements;
				CODE_SIGN_STYLE = Automatic;
				COMBINE_HIDPI_IMAGES = YES;
				CURRENT_PROJECT_VERSION = 1;
				DEVELOPMENT_TEAM = C4YGD8Z6G2;
				ENABLE_APP_SANDBOX = NO;
				ENABLE_HARDENED_RUNTIME = YES;
				ENABLE_PREVIEWS = YES;
				ENABLE_USER_SELECTED_FILES = readonly;
				GENERATE_INFOPLIST_FILE = YES;
				INFOPLIST_KEY_NSAppleEventsUsageDescription = "Some Apple Event Description";
				INFOPLIST_KEY_NSHumanReadableCopyright = "";
				INFOPLIST_KEY_NSMicrophoneUsageDescription = "CCTalk needs microphone access to record voice prompts for transcription.";
				INFOPLIST_KEY_NSSpeechRecognitionUsageDescription = "CCTalk uses Apple Speech Recognition for transcription.";
				LD_RUNPATH_SEARCH_PATHS = (
					"$(inherited)",
					"@executable_path/../Frameworks",
				);
				MACOSX_DEPLOYMENT_TARGET = 26.0;
				MARKETING_VERSION = 1.0;
				PRODUCT_BUNDLE_IDENTIFIER = com.wisecorner.cctalk;
				PRODUCT_NAME = CCTalk;
				PROVISIONING_PROFILE_SPECIFIER = "";
				REGISTER_APP_GROUPS = YES;
				STRING_CATALOG_GENERATE_SYMBOLS = YES;
				SWIFT_APPROACHABLE_CONCURRENCY = YES;
				SWIFT_DEFAULT_ACTOR_ISOLATION = MainActor;
				SWIFT_EMIT_LOC_STRINGS = YES;
				SWIFT_UPCOMING_FEATURE_MEMBER_IMPORT_VISIBILITY = YES;
				SWIFT_VERSION = 5.0;
			};
			name = Debug;
		};
		D5D0FC1C2EF738E100972D25 /* Release */ = {
			isa = XCBuildConfiguration;
			buildSettings = {
				ASSETCATALOG_COMPILER_APPICON_NAME = Icon;
				ASSETCATALOG_COMPILER_GLOBAL_ACCENT_COLOR_NAME = AccentColor;
				ASSETCATALOG_COMPILER_INCLUDE_ALL_APPICON_ASSETS = NO;
				CODE_SIGN_ENTITLEMENTS = VoiceClaudePoC/VoiceClaudePoC.entitlements;
				CODE_SIGN_STYLE = Automatic;
				COMBINE_HIDPI_IMAGES = YES;
				CURRENT_PROJECT_VERSION = 1;
				DEVELOPMENT_TEAM = C4YGD8Z6G2;
				ENABLE_APP_SANDBOX = NO;
				ENABLE_HARDENED_RUNTIME = YES;
				ENABLE_PREVIEWS = YES;
				ENABLE_USER_SELECTED_FILES = readonly;
				GENERATE_INFOPLIST_FILE = YES;
				INFOPLIST_KEY_NSAppleEventsUsageDescription = "Some Apple Event Description";
				INFOPLIST_KEY_NSHumanReadableCopyright = "";
				INFOPLIST_KEY_NSMicrophoneUsageDescription = "CCTalk needs microphone access to record voice prompts for transcription.";
				INFOPLIST_KEY_NSSpeechRecognitionUsageDescription = "CCTalk uses Apple Speech Recognition for transcription.";
				LD_RUNPATH_SEARCH_PATHS = (
					"$(inherited)",
					"@executable_path/../Frameworks",
				);
				MACOSX_DEPLOYMENT_TARGET = 26.0;
				MARKETING_VERSION = 1.0;
				PRODUCT_BUNDLE_IDENTIFIER = com.wisecorner.cctalk;
				PRODUCT_NAME = CCTalk;
				PROVISIONING_PROFILE_SPECIFIER = "";
				REGISTER_APP_GROUPS = YES;
				STRING_CATALOG_GENERATE_SYMBOLS = YES;
				SWIFT_APPROACHABLE_CONCURRENCY = YES;
				SWIFT_DEFAULT_ACTOR_ISOLATION = MainActor;
				SWIFT_EMIT_LOC_STRINGS = YES;
				SWIFT_UPCOMING_FEATURE_MEMBER_IMPORT_VISIBILITY = YES;
				SWIFT_VERSION = 5.0;
			};
			name = Release;
		};
		D5D0FC1E2EF738E100972D25 /* Debug */ = {
			isa = XCBuildConfiguration;
			buildSettings = {
				BUNDLE_LOADER = "$(TEST_HOST)";
				CODE_SIGN_STYLE = Automatic;
				CURRENT_PROJECT_VERSION = 1;
				DEVELOPMENT_TEAM = L4X8Z6QTZR;
				GENERATE_INFOPLIST_FILE = YES;
				MACOSX_DEPLOYMENT_TARGET = 26.0;
				MARKETING_VERSION = 1.0;
				PRODUCT_BUNDLE_IDENTIFIER = com.wisecorner.VoiceClaudePoCTests;
				PRODUCT_NAME = "$(TARGET_NAME)";
				STRING_CATALOG_GENERATE_SYMBOLS = NO;
				SWIFT_APPROACHABLE_CONCURRENCY = YES;
				SWIFT_EMIT_LOC_STRINGS = NO;
				SWIFT_UPCOMING_FEATURE_MEMBER_IMPORT_VISIBILITY = YES;
				SWIFT_VERSION = 5.0;
				TEST_HOST = "$(BUILT_PRODUCTS_DIR)/VoiceClaudePoC.app/$(BUNDLE_EXECUTABLE_FOLDER_PATH)/VoiceClaudePoC";
			};
			name = Debug;
		};
		D5D0FC1F2EF738E100972D25 /* Release */ = {
			isa = XCBuildConfiguration;
			buildSettings = {
				BUNDLE_LOADER = "$(TEST_HOST)";
				CODE_SIGN_STYLE = Automatic;
				CURRENT_PROJECT_VERSION = 1;
				DEVELOPMENT_TEAM = L4X8Z6QTZR;
				GENERATE_INFOPLIST_FILE = YES;
				MACOSX_DEPLOYMENT_TARGET = 26.0;
				MARKETING_VERSION = 1.0;
				PRODUCT_BUNDLE_IDENTIFIER = com.wisecorner.VoiceClaudePoCTests;
				PRODUCT_NAME = "$(TARGET_NAME)";
				STRING_CATALOG_GENERATE_SYMBOLS = NO;
				SWIFT_APPROACHABLE_CONCURRENCY = YES;
				SWIFT_EMIT_LOC_STRINGS = NO;
				SWIFT_UPCOMING_FEATURE_MEMBER_IMPORT_VISIBILITY = YES;
				SWIFT_VERSION = 5.0;
				TEST_HOST = "$(BUILT_PRODUCTS_DIR)/VoiceClaudePoC.app/$(BUNDLE_EXECUTABLE_FOLDER_PATH)/VoiceClaudePoC";
			};
			name = Release;
		};
		D5D0FC212EF738E100972D25 /* Debug */ = {
			isa = XCBuildConfiguration;
			buildSettings = {
				CODE_SIGN_STYLE = Automatic;
				CURRENT_PROJECT_VERSION = 1;
				DEVELOPMENT_TEAM = L4X8Z6QTZR;
				GENERATE_INFOPLIST_FILE = YES;
				MARKETING_VERSION = 1.0;
				PRODUCT_BUNDLE_IDENTIFIER = com.wisecorner.VoiceClaudePoCUITests;
				PRODUCT_NAME = "$(TARGET_NAME)";
				STRING_CATALOG_GENERATE_SYMBOLS = NO;
				SWIFT_APPROACHABLE_CONCURRENCY = YES;
				SWIFT_EMIT_LOC_STRINGS = NO;
				SWIFT_UPCOMING_FEATURE_MEMBER_IMPORT_VISIBILITY = YES;
				SWIFT_VERSION = 5.0;
				TEST_TARGET_NAME = VoiceClaudePoC;
			};
			name = Debug;
		};
		D5D0FC222EF738E100972D25 /* Release */ = {
			isa = XCBuildConfiguration;
			buildSettings = {
				CODE_SIGN_STYLE = Automatic;
				CURRENT_PROJECT_VERSION = 1;
				DEVELOPMENT_TEAM = L4X8Z6QTZR;
				GENERATE_INFOPLIST_FILE = YES;
				MARKETING_VERSION = 1.0;
				PRODUCT_BUNDLE_IDENTIFIER = com.wisecorner.VoiceClaudePoCUITests;
				PRODUCT_NAME = "$(TARGET_NAME)";
				STRING_CATALOG_GENERATE_SYMBOLS = NO;
				SWIFT_APPROACHABLE_CONCURRENCY = YES;
				SWIFT_EMIT_LOC_STRINGS = NO;
				SWIFT_UPCOMING_FEATURE_MEMBER_IMPORT_VISIBILITY = YES;
				SWIFT_VERSION = 5.0;
				TEST_TARGET_NAME = VoiceClaudePoC;
			};
			name = Release;
		};
/* End XCBuildConfiguration section */

/* Begin XCConfigurationList section */
		D5D0FBF42EF738E000972D25 /* Build configuration list for PBXProject "VoiceClaudePoC" */ = {
			isa = XCConfigurationList;
			buildConfigurations = (
				D5D0FC182EF738E100972D25 /* Debug */,
				D5D0FC192EF738E100972D25 /* Release */,
			);
			defaultConfigurationIsVisible = 0;
			defaultConfigurationName = Release;
		};
		D5D0FC1A2EF738E100972D25 /* Build configuration list for PBXNativeTarget "VoiceClaudePoC" */ = {
			isa = XCConfigurationList;
			buildConfigurations = (
				D5D0FC1B2EF738E100972D25 /* Debug */,
				D5D0FC1C2EF738E100972D25 /* Release */,
			);
			defaultConfigurationIsVisible = 0;
			defaultConfigurationName = Release;
		};
		D5D0FC1D2EF738E100972D25 /* Build configuration list for PBXNativeTarget "VoiceClaudePoCTests" */ = {
			isa = XCConfigurationList;
			buildConfigurations = (
				D5D0FC1E2EF738E100972D25 /* Debug */,
				D5D0FC1F2EF738E100972D25 /* Release */,
			);
			defaultConfigurationIsVisible = 0;
			defaultConfigurationName = Release;
		};
		D5D0FC202EF738E100972D25 /* Build configuration list for PBXNativeTarget "VoiceClaudePoCUITests" */ = {
			isa = XCConfigurationList;
			buildConfigurations = (
				D5D0FC212EF738E100972D25 /* Debug */,
				D5D0FC222EF738E100972D25 /* Release */,
			);
			defaultConfigurationIsVisible = 0;
			defaultConfigurationName = Release;
		};
/* End XCConfigurationList section */

/* Begin XCRemoteSwiftPackageReference section */
		D520EE212F2E244200D48F41 /* XCRemoteSwiftPackageReference "Sparkle" */ = {
			isa = XCRemoteSwiftPackageReference;
			repositoryURL = "https://github.com/sparkle-project/Sparkle";
			requirement = {
				kind = upToNextMajorVersion;
				minimumVersion = 2.8.1;
			};
		};
		D556B3CE2EF74F8C006B6FED /* XCRemoteSwiftPackageReference "HotKey" */ = {
			isa = XCRemoteSwiftPackageReference;
			repositoryURL = "https://github.com/soffes/HotKey";
			requirement = {
				kind = upToNextMajorVersion;
				minimumVersion = 0.2.1;
			};
		};
/* End XCRemoteSwiftPackageReference section */

/* Begin XCSwiftPackageProductDependency section */
		D520EE222F2E244200D48F41 /* Sparkle */ = {
			isa = XCSwiftPackageProductDependency;
			package = D520EE212F2E244200D48F41 /* XCRemoteSwiftPackageReference "Sparkle" */;
			productName = Sparkle;
		};
		D556B3D62EF7517B006B6FED /* HotKey */ = {
			isa = XCSwiftPackageProductDependency;
			package = D556B3CE2EF74F8C006B6FED /* XCRemoteSwiftPackageReference "HotKey" */;
			productName = HotKey;
		};
/* End XCSwiftPackageProductDependency section */
	};
	rootObject = D5D0FBF12EF738E000972D25 /* Project object */;
}
